
Microsoft Visual Studio Solution File, Format Version 12.00
# Visual Studio Version 17
VisualStudioVersion = 17.8.34330.188
MinimumVisualStudioVersion = 10.0.40219.1
Project("{FAE04EC0-301F-11D3-BF4B-00C04F79EFBC}") = "SaborExpress", "SaborExpress\SaborExpress.csproj", "{AD589CD6-CD18-4346-8DD7-89205239EBFC}"
EndProject
Global
	GlobalSection(SolutionConfigurationPlatforms) = preSolution
		Debug|Any CPU = Debug|Any CPU
		Release|Any CPU = Release|Any CPU
	EndGlobalSection
	GlobalSection(ProjectConfigurationPlatforms) = postSolution
		{AD589CD6-CD18-4346-8DD7-89205239EBFC}.Debug|Any CPU.ActiveCfg = Debug|Any CPU
		{AD589CD6-CD18-4346-8DD7-89205239EBFC}.Debug|Any CPU.Build.0 = Debug|Any CPU
		{AD589CD6-CD18-4346-8DD7-89205239EBFC}.Release|Any CPU.ActiveCfg = Release|Any CPU
		{AD589CD6-CD18-4346-8DD7-89205239EBFC}.Release|Any CPU.Build.0 = Release|Any CPU
	EndGlobalSection
	GlobalSection(SolutionProperties) = preSolution
		HideSolutionNode = FALSE
	EndGlobalSection
	GlobalSection(ExtensibilityGlobals) = postSolution
		SolutionGuid = {9A585BB3-B2E3-473F-B4AE-626E749EA5DF}
	EndGlobalSection
EndGlobal
